[[package]]
name = "adafruit-blinka"
version = "7.2.0"
description = "CircuitPython APIs for non-CircuitPython versions of Python such as CPython on Linux and MicroPython."
category = "main"
optional = false
python-versions = ">=3.7.0"

[package.dependencies]
Adafruit-PlatformDetect = ">=3.13.0"
Adafruit-PureIO = ">=1.1.7"
pyftdi = ">=0.40.0"
rpi-ws281x = ">=4.0.0"
"RPi.GPIO" = "*"
sysv-ipc = ">=1.1.0"

[package.source]
type = "legacy"
url = "https://www.piwheels.org/simple"
reference = "piwheels"

[[package]]
name = "adafruit-circuitpython-bme280"
version = "2.6.10"
description = "CircuitPython library for the Bosch BME280 temperature/humidity/pressure sensor."
category = "main"
optional = false
python-versions = "*"

[package.dependencies]
Adafruit-Blinka = "*"
adafruit-circuitpython-busdevice = "*"

[package.source]
type = "legacy"
url = "https://www.piwheels.org/simple"
reference = "piwheels"

[[package]]
name = "adafruit-circuitpython-bmp280"
version = "3.2.11"
description = "CircuitPython driver for the BMP280."
category = "main"
optional = false
python-versions = "*"

[package.dependencies]
Adafruit-Blinka = "*"
adafruit-circuitpython-busdevice = "*"

[package.source]
type = "legacy"
url = "https://www.piwheels.org/simple"
reference = "piwheels"

[[package]]
name = "adafruit-circuitpython-busdevice"
version = "5.1.8"
description = "CircuitPython bus device classes to manage bus sharing."
category = "main"
optional = false
python-versions = ">=3.7.0"

[package.dependencies]
Adafruit-Blinka = ">=7.0.0"
adafruit-circuitpython-typing = "*"

[package.source]
type = "legacy"
url = "https://www.piwheels.org/simple"
reference = "piwheels"

[[package]]
name = "adafruit-circuitpython-dht"
version = "3.7.2"
description = "CircuitPython support for DHT11 and DHT22 type temperature/humidity devices"
category = "main"
optional = false
python-versions = "*"

[package.dependencies]
Adafruit-Blinka = "*"

[package.source]
type = "legacy"
url = "https://www.piwheels.org/simple"
reference = "piwheels"

[[package]]
name = "adafruit-circuitpython-tsl2591"
version = "1.3.2"
description = "CircuitPython library for TSL2591 high precision light sensor."
category = "main"
optional = false
python-versions = "*"

[package.dependencies]
Adafruit-Blinka = "*"
adafruit-circuitpython-busdevice = "*"

[package.source]
type = "legacy"
url = "https://www.piwheels.org/simple"
reference = "piwheels"

[[package]]
name = "adafruit-circuitpython-typing"
version = "1.3.1"
description = "Types needed for type annotation that are not in `typing`"
category = "main"
optional = false
python-versions = "*"

[package.dependencies]
adafruit-circuitpython-busdevice = "*"

[package.source]
type = "legacy"
url = "https://www.piwheels.org/simple"
reference = "piwheels"

[[package]]
name = "adafruit-platformdetect"
version = "3.22.0"
description = "Platform detection for use by libraries like Adafruit-Blinka."
category = "main"
optional = false
python-versions = ">=3.7.0"

[package.source]
type = "legacy"
url = "https://www.piwheels.org/simple"
reference = "piwheels"

[[package]]
name = "adafruit-pureio"
version = "1.1.9"
description = "Pure python (i.e. no native extensions) access to Linux IO    including I2C and SPI. Drop in replacement for smbus and spidev modules."
category = "main"
optional = false
python-versions = ">=3.5.0"

[package.source]
type = "legacy"
url = "https://www.piwheels.org/simple"
reference = "piwheels"

[[package]]
name = "astroid"
version = "2.11.2"
description = "An abstract syntax tree for Python with inference support."
category = "dev"
optional = false
python-versions = ">=3.6.2"

[package.dependencies]
lazy-object-proxy = ">=1.4.0"
typing-extensions = {version = ">=3.10", markers = "python_version < \"3.10\""}
wrapt = ">=1.11,<2"

[package.source]
type = "legacy"
url = "https://www.piwheels.org/simple"
reference = "piwheels"

[[package]]
name = "atomicwrites"
version = "1.4.0"
description = "Atomic file writes."
category = "dev"
optional = false
python-versions = ">=2.7, !=3.0.*, !=3.1.*, !=3.2.*, !=3.3.*"

[package.source]
type = "legacy"
url = "https://www.piwheels.org/simple"
reference = "piwheels"

[[package]]
name = "attrs"
version = "21.4.0"
description = "Classes Without Boilerplate"
category = "dev"
optional = false
python-versions = ">=2.7, !=3.0.*, !=3.1.*, !=3.2.*, !=3.3.*, !=3.4.*"

[package.extras]
dev = ["coverage[toml] (>=5.0.2)", "hypothesis", "pympler", "pytest (>=4.3.0)", "six", "zope.interface", "furo", "sphinx", "sphinx-notfound-page", "pre-commit", "cloudpickle"]
docs = ["furo", "sphinx", "zope.interface", "sphinx-notfound-page"]
tests = ["coverage[toml] (>=5.0.2)", "hypothesis", "pympler", "pytest (>=4.3.0)", "six", "zope.interface", "cloudpickle"]
tests_no_zope = ["coverage[toml] (>=5.0.2)", "hypothesis", "pympler", "pytest (>=4.3.0)", "six", "cloudpickle"]

[package.source]
type = "legacy"
url = "https://www.piwheels.org/simple"
reference = "piwheels"

[[package]]
name = "autopep8"
version = "1.6.0"
description = "A tool that automatically formats Python code to conform to the PEP 8 style guide"
category = "dev"
optional = false
python-versions = "*"

[package.dependencies]
pycodestyle = ">=2.8.0"
toml = "*"

[package.source]
type = "legacy"
url = "https://www.piwheels.org/simple"
reference = "piwheels"

[[package]]
name = "certifi"
version = "2021.10.8"
description = "Python package for providing Mozilla's CA Bundle."
category = "main"
optional = false
python-versions = "*"

[package.source]
type = "legacy"
url = "https://www.piwheels.org/simple"
reference = "piwheels"

[[package]]
name = "ciso8601"
version = "2.2.0"
description = "Fast ISO8601 date time parser for Python written in C"
category = "main"
optional = false
python-versions = "*"

[package.source]
type = "legacy"
url = "https://www.piwheels.org/simple"
reference = "piwheels"

[[package]]
name = "colorama"
version = "0.4.4"
description = "Cross-platform colored terminal text."
category = "dev"
optional = false
python-versions = ">=2.7, !=3.0.*, !=3.1.*, !=3.2.*, !=3.3.*, !=3.4.*"

[package.source]
type = "legacy"
url = "https://www.piwheels.org/simple"
reference = "piwheels"

[[package]]
name = "dill"
version = "0.3.4"
description = "serialize all of python"
category = "dev"
optional = false
python-versions = ">=2.7, !=3.0.*"

[package.extras]
graph = ["objgraph (>=1.7.2)"]

[package.source]
type = "legacy"
url = "https://www.piwheels.org/simple"
reference = "piwheels"

[[package]]
name = "edn-format"
version = "0.7.5"
description = "EDN format reader and writer in Python"
category = "main"
optional = false
python-versions = "*"

[package.dependencies]
ply = ">=3.10"
pyRFC3339 = ">=0.2"
pytz = ">=2016.10"

[package.source]
type = "legacy"
url = "https://www.piwheels.org/simple"
reference = "piwheels"

[[package]]
name = "flake8"
version = "4.0.1"
description = "the modular source code checker: pep8 pyflakes and co"
category = "dev"
optional = false
python-versions = ">=3.6"

[package.dependencies]
mccabe = ">=0.6.0,<0.7.0"
pycodestyle = ">=2.8.0,<2.9.0"
pyflakes = ">=2.4.0,<2.5.0"

[package.source]
type = "legacy"
url = "https://www.piwheels.org/simple"
reference = "piwheels"

[[package]]
name = "influxdb-client"
version = "1.27.0"
description = "InfluxDB 2.0 Python client library"
category = "main"
optional = false
python-versions = ">=3.6"

[package.dependencies]
certifi = ">=14.05.14"
ciso8601 = {version = ">=2.1.1", optional = true, markers = "extra == \"ciso\""}
python-dateutil = ">=2.5.3"
pytz = ">=2019.1"
rx = ">=3.0.1"
six = ">=1.10"
urllib3 = ">=1.26.0"

[package.extras]
ciso = ["ciso8601 (>=2.1.1)"]
extra = ["pandas (>=0.25.3)", "numpy"]
test = ["coverage (>=4.0.3)", "nose (>=1.3.7)", "pluggy (>=0.3.1)", "py (>=1.4.31)", "randomize (>=0.13)", "pytest (>=5.0.0)", "httpretty (==1.0.5)", "psutil (>=5.6.3)"]

[package.source]
type = "legacy"
url = "https://www.piwheels.org/simple"
reference = "piwheels"

[[package]]
name = "isort"
version = "5.10.1"
description = "A Python utility / library to sort Python imports."
category = "dev"
optional = false
python-versions = ">=3.6.1,<4.0"

[package.extras]
colors = ["colorama (>=0.4.3,<0.5.0)"]
requirements_deprecated_finder = ["pip-api", "pipreqs"]
pipfile_deprecated_finder = ["pipreqs", "requirementslib"]
plugins = ["setuptools"]

[package.source]
type = "legacy"
url = "https://www.piwheels.org/simple"
reference = "piwheels"

[[package]]
name = "jedi"
version = "0.18.1"
description = "An autocompletion tool for Python that can be used for text editors."
category = "dev"
optional = false
python-versions = ">=3.6"

[package.dependencies]
parso = ">=0.8.0,<0.9.0"

[package.extras]
qa = ["flake8 (==3.8.3)", "mypy (==0.782)"]
testing = ["pytest (<7.0.0)", "docopt", "colorama", "Django (<3.1)"]

[package.source]
type = "legacy"
url = "https://www.piwheels.org/simple"
reference = "piwheels"

[[package]]
name = "lazy-object-proxy"
version = "1.7.1"
description = "A fast and thorough lazy object proxy."
category = "dev"
optional = false
python-versions = ">=3.6"

[package.source]
type = "legacy"
url = "https://www.piwheels.org/simple"
reference = "piwheels"

[[package]]
name = "mccabe"
version = "0.6.1"
description = "McCabe checker, plugin for flake8"
category = "dev"
optional = false
python-versions = "*"

[package.source]
type = "legacy"
url = "https://www.piwheels.org/simple"
reference = "piwheels"

[[package]]
name = "more-itertools"
version = "8.12.0"
description = "More routines for operating on iterables, beyond itertools"
category = "dev"
optional = false
python-versions = ">=3.5"

[package.source]
type = "legacy"
url = "https://www.piwheels.org/simple"
reference = "piwheels"

[[package]]
name = "numpy"
version = "1.22.3"
description = "NumPy is the fundamental package for array computing with Python."
category = "main"
optional = false
python-versions = ">=3.8"

[package.source]
type = "legacy"
url = "https://www.piwheels.org/simple"
reference = "piwheels"

[[package]]
name = "opencv-python-headless"
version = "4.5.5.62"
description = "Wrapper package for OpenCV python bindings."
category = "main"
optional = false
python-versions = ">=3.6"

[package.dependencies]
numpy = [
    {version = ">=1.21.2", markers = "python_version >= \"3.10\" or python_version >= \"3.6\" and platform_system == \"Darwin\" and platform_machine == \"arm64\""},
    {version = ">=1.19.3", markers = "python_version >= \"3.6\" and platform_system == \"Linux\" and platform_machine == \"aarch64\" or python_version >= \"3.9\""},
    {version = ">=1.14.5", markers = "python_version >= \"3.7\""},
    {version = ">=1.17.3", markers = "python_version >= \"3.8\""},
]

[package.source]
type = "legacy"
url = "https://www.piwheels.org/simple"
reference = "piwheels"

[[package]]
name = "packaging"
version = "21.3"
description = "Core utilities for Python packages"
category = "dev"
optional = false
python-versions = ">=3.6"

[package.dependencies]
pyparsing = ">=2.0.2,<3.0.5 || >3.0.5"

[package.source]
type = "legacy"
url = "https://www.piwheels.org/simple"
reference = "piwheels"

[[package]]
name = "pandas"
version = "1.4.1"
description = "Powerful data structures for data analysis, time series, and statistics"
category = "main"
optional = false
python-versions = ">=3.8"

[package.dependencies]
numpy = [
    {version = ">=1.18.5", markers = "platform_machine != \"aarch64\" and platform_machine != \"arm64\" and python_version < \"3.10\""},
    {version = ">=1.19.2", markers = "platform_machine == \"aarch64\" and python_version < \"3.10\""},
    {version = ">=1.20.0", markers = "platform_machine == \"arm64\" and python_version < \"3.10\""},
    {version = ">=1.21.0", markers = "python_version >= \"3.10\""},
]
python-dateutil = ">=2.8.1"
pytz = ">=2020.1"

[package.extras]
test = ["hypothesis (>=5.5.3)", "pytest (>=6.0)", "pytest-xdist (>=1.31)"]

[package.source]
type = "legacy"
url = "https://www.piwheels.org/simple"
reference = "piwheels"

[[package]]
name = "parso"
version = "0.8.3"
description = "A Python Parser"
category = "dev"
optional = false
python-versions = ">=3.6"

[package.extras]
qa = ["flake8 (==3.8.3)", "mypy (==0.782)"]
testing = ["pytest (<6.0.0)", "docopt"]

[package.source]
type = "legacy"
url = "https://www.piwheels.org/simple"
reference = "piwheels"

[[package]]
name = "picamera"
version = "1.13"
description = "A pure Python interface for the Raspberry Pi camera module."
category = "main"
optional = false
python-versions = "*"

[package.extras]
array = ["numpy"]
doc = ["sphinx"]
test = ["coverage", "pytest", "mock", "pillow", "numpy"]

[package.source]
type = "legacy"
url = "https://www.piwheels.org/simple"
reference = "piwheels"

[[package]]
name = "platformdirs"
version = "2.5.1"
description = "A small Python module for determining appropriate platform-specific dirs, e.g. a \"user data dir\"."
category = "dev"
optional = false
python-versions = ">=3.7"

[package.extras]
docs = ["Sphinx (>=4)", "furo (>=2021.7.5b38)", "proselint (>=0.10.2)", "sphinx-autodoc-typehints (>=1.12)"]
test = ["appdirs (==1.4.4)", "pytest (>=6)", "pytest-cov (>=2.7)", "pytest-mock (>=3.6)"]

[package.source]
type = "legacy"
url = "https://www.piwheels.org/simple"
reference = "piwheels"

[[package]]
name = "pluggy"
version = "0.13.1"
description = "plugin and hook calling mechanisms for python"
category = "dev"
optional = false
python-versions = ">=2.7, !=3.0.*, !=3.1.*, !=3.2.*, !=3.3.*"

[package.extras]
dev = ["pre-commit", "tox"]

[package.source]
type = "legacy"
url = "https://www.piwheels.org/simple"
reference = "piwheels"

[[package]]
name = "ply"
version = "3.11"
description = "Python Lex & Yacc"
category = "main"
optional = false
python-versions = "*"

[package.source]
type = "legacy"
url = "https://www.piwheels.org/simple"
reference = "piwheels"

[[package]]
name = "py"
version = "1.11.0"
description = "library with cross-python path, ini-parsing, io, code, log facilities"
category = "dev"
optional = false
python-versions = ">=2.7, !=3.0.*, !=3.1.*, !=3.2.*, !=3.3.*, !=3.4.*"

[package.source]
type = "legacy"
url = "https://www.piwheels.org/simple"
reference = "piwheels"

[[package]]
name = "pycodestyle"
version = "2.8.0"
description = "Python style guide checker"
category = "dev"
optional = false
python-versions = ">=2.7, !=3.0.*, !=3.1.*, !=3.2.*, !=3.3.*, !=3.4.*"

[package.source]
type = "legacy"
url = "https://www.piwheels.org/simple"
reference = "piwheels"

[[package]]
name = "pydocstyle"
version = "6.1.1"
description = "Python docstring style checker"
category = "dev"
optional = false
python-versions = ">=3.6"

[package.dependencies]
snowballstemmer = "*"

[package.extras]
toml = ["toml"]

[package.source]
type = "legacy"
url = "https://www.piwheels.org/simple"
reference = "piwheels"

[[package]]
name = "pyflakes"
version = "2.4.0"
description = "passive checker of Python programs"
category = "dev"
optional = false
python-versions = ">=2.7, !=3.0.*, !=3.1.*, !=3.2.*, !=3.3.*"

[package.source]
type = "legacy"
url = "https://www.piwheels.org/simple"
reference = "piwheels"

[[package]]
name = "pyftdi"
version = "0.54.0"
description = "FTDI device driver (pure Python)"
category = "main"
optional = false
python-versions = ">=3.7"

[package.dependencies]
pyserial = ">=3.0"
pyusb = ">=1.0.0,<1.2.0 || >1.2.0"

[package.source]
type = "legacy"
url = "https://www.piwheels.org/simple"
reference = "piwheels"

[[package]]
name = "pylint"
version = "2.13.4"
description = "python code static checker"
category = "dev"
optional = false
python-versions = ">=3.6.2"

[package.dependencies]
astroid = ">=2.11.2,<=2.12.0-dev0"
colorama = {version = "*", markers = "sys_platform == \"win32\""}
dill = ">=0.2"
isort = ">=4.2.5,<6"
mccabe = ">=0.6,<0.8"
platformdirs = ">=2.2.0"
tomli = {version = ">=1.1.0", markers = "python_version < \"3.11\""}
typing-extensions = {version = ">=3.10.0", markers = "python_version < \"3.10\""}

[package.extras]
testutil = ["gitpython (>3)"]

[package.source]
type = "legacy"
url = "https://www.piwheels.org/simple"
reference = "piwheels"

[[package]]
name = "pyparsing"
version = "3.0.7"
description = "Python parsing module"
category = "dev"
optional = false
python-versions = ">=3.6"

[package.extras]
diagrams = ["railroad-diagrams", "jinja2"]

[package.source]
type = "legacy"
url = "https://www.piwheels.org/simple"
reference = "piwheels"

[[package]]
name = "pyrfc3339"
version = "1.1"
description = "Generate and parse RFC 3339 timestamps"
category = "main"
optional = false
python-versions = "*"

[package.dependencies]
pytz = "*"

[package.source]
type = "legacy"
url = "https://www.piwheels.org/simple"
reference = "piwheels"

[[package]]
name = "pyserial"
version = "3.5"
description = "Python Serial Port Extension"
category = "main"
optional = false
python-versions = "*"

[package.extras]
cp2110 = ["hidapi"]

[package.source]
type = "legacy"
url = "https://www.piwheels.org/simple"
reference = "piwheels"

[[package]]
name = "pytest"
version = "5.4.3"
description = "pytest: simple powerful testing with Python"
category = "dev"
optional = false
python-versions = ">=3.5"

[package.dependencies]
atomicwrites = {version = ">=1.0", markers = "sys_platform == \"win32\""}
attrs = ">=17.4.0"
colorama = {version = "*", markers = "sys_platform == \"win32\""}
more-itertools = ">=4.0.0"
packaging = "*"
pluggy = ">=0.12,<1.0"
py = ">=1.5.0"
wcwidth = "*"

[package.extras]
checkqa-mypy = ["mypy (==v0.761)"]
testing = ["argcomplete", "hypothesis (>=3.56)", "mock", "nose", "requests", "xmlschema"]

[package.source]
type = "legacy"
url = "https://www.piwheels.org/simple"
reference = "piwheels"

[[package]]
name = "python-dateutil"
version = "2.8.2"
description = "Extensions to the standard Python datetime module"
category = "main"
optional = false
python-versions = "!=3.0.*,!=3.1.*,!=3.2.*,>=2.7"

[package.dependencies]
six = ">=1.5"

[package.source]
type = "legacy"
url = "https://www.piwheels.org/simple"
reference = "piwheels"

[[package]]
name = "python-lsp-jsonrpc"
version = "1.0.0"
description = "JSON RPC 2.0 server library"
category = "dev"
optional = false
python-versions = "*"

[package.dependencies]
ujson = ">=3.0.0"

[package.extras]
test = ["pylint", "pycodestyle", "pyflakes", "pytest", "pytest-cov", "coverage"]

[package.source]
type = "legacy"
url = "https://www.piwheels.org/simple"
reference = "piwheels"

[[package]]
name = "python-lsp-server"
version = "1.3.3"
description = "Python Language Server for the Language Server Protocol"
category = "dev"
optional = false
python-versions = ">=3.6"

[package.dependencies]
autopep8 = {version = ">=1.6.0,<1.7.0", optional = true, markers = "extra == \"all\""}
flake8 = {version = ">=4.0.0,<4.1.0", optional = true, markers = "extra == \"all\""}
jedi = ">=0.17.2,<0.19.0"
mccabe = {version = ">=0.6.0,<0.7.0", optional = true, markers = "extra == \"all\""}
pluggy = "*"
pycodestyle = {version = ">=2.8.0,<2.9.0", optional = true, markers = "extra == \"all\""}
pydocstyle = {version = ">=2.0.0", optional = true, markers = "extra == \"all\""}
pyflakes = {version = ">=2.4.0,<2.5.0", optional = true, markers = "extra == \"all\""}
pylint = {version = ">=2.5.0", optional = true, markers = "extra == \"all\""}
python-lsp-jsonrpc = ">=1.0.0"
rope = {version = ">=0.10.5", optional = true, markers = "extra == \"all\""}
ujson = ">=3.0.0"
yapf = {version = "*", optional = true, markers = "extra == \"all\""}

[package.extras]
all = ["autopep8 (>=1.6.0,<1.7.0)", "flake8 (>=4.0.0,<4.1.0)", "mccabe (>=0.6.0,<0.7.0)", "pycodestyle (>=2.8.0,<2.9.0)", "pydocstyle (>=2.0.0)", "pyflakes (>=2.4.0,<2.5.0)", "pylint (>=2.5.0)", "rope (>=0.10.5)", "yapf"]
autopep8 = ["autopep8 (>=1.6.0,<1.7.0)"]
flake8 = ["flake8 (>=4.0.0,<4.1.0)"]
mccabe = ["mccabe (>=0.6.0,<0.7.0)"]
pycodestyle = ["pycodestyle (>=2.8.0,<2.9.0)"]
pydocstyle = ["pydocstyle (>=2.0.0)"]
pyflakes = ["pyflakes (>=2.4.0,<2.5.0)"]
pylint = ["pylint (>=2.5.0)"]
rope = ["rope (>0.10.5)"]
test = ["pylint (>=2.5.0)", "pytest", "pytest-cov", "coverage", "numpy", "pandas", "matplotlib", "pyqt5", "flaky"]
yapf = ["yapf"]

[package.source]
type = "legacy"
url = "https://www.piwheels.org/simple"
reference = "piwheels"

[[package]]
name = "pytz"
version = "2022.1"
description = "World timezone definitions, modern and historical"
category = "main"
optional = false
python-versions = "*"

[package.source]
type = "legacy"
url = "https://www.piwheels.org/simple"
reference = "piwheels"

[[package]]
name = "pyusb"
version = "1.2.1"
description = "Python USB access module"
category = "main"
optional = false
python-versions = ">=3.6.0"

[package.source]
type = "legacy"
url = "https://www.piwheels.org/simple"
reference = "piwheels"

[[package]]
name = "rope"
version = "0.23.0"
description = "a python refactoring library..."
category = "dev"
optional = false
python-versions = "*"

[package.extras]
dev = ["build", "pytest", "pytest-timeout"]

[package.source]
type = "legacy"
url = "https://www.piwheels.org/simple"
reference = "piwheels"

[[package]]
name = "rpi-ws281x"
version = "4.3.3"
description = "Userspace Raspberry Pi PWM/PCM/SPI library for SK6812 and WS281X LEDs."
category = "main"
optional = false
python-versions = "*"

[package.source]
type = "legacy"
url = "https://www.piwheels.org/simple"
reference = "piwheels"

[[package]]
name = "rpi.gpio"
version = "0.7.1"
description = "A module to control Raspberry Pi GPIO channels"
category = "main"
optional = false
python-versions = "*"

[package.source]
type = "legacy"
url = "https://www.piwheels.org/simple"
reference = "piwheels"

[[package]]
name = "rx"
version = "3.2.0"
description = "Reactive Extensions (Rx) for Python"
category = "main"
optional = false
python-versions = ">=3.6.0"

[package.source]
type = "legacy"
url = "https://www.piwheels.org/simple"
reference = "piwheels"

[[package]]
name = "six"
version = "1.16.0"
description = "Python 2 and 3 compatibility utilities"
category = "main"
optional = false
python-versions = ">=2.7, !=3.0.*, !=3.1.*, !=3.2.*"

[package.source]
type = "legacy"
url = "https://www.piwheels.org/simple"
reference = "piwheels"

[[package]]
name = "snowballstemmer"
version = "2.2.0"
description = "This package provides 29 stemmers for 28 languages generated from Snowball algorithms."
category = "dev"
optional = false
python-versions = "*"

[package.source]
type = "legacy"
url = "https://www.piwheels.org/simple"
reference = "piwheels"

[[package]]
name = "sysv-ipc"
version = "1.1.0"
description = "System V IPC primitives (semaphores, shared memory and message queues) for Python"
category = "main"
optional = false
python-versions = "*"

[package.source]
type = "legacy"
url = "https://www.piwheels.org/simple"
reference = "piwheels"

[[package]]
name = "toml"
version = "0.10.2"
description = "Python Library for Tom's Obvious, Minimal Language"
category = "dev"
optional = false
python-versions = ">=2.6, !=3.0.*, !=3.1.*, !=3.2.*"

[package.source]
type = "legacy"
url = "https://www.piwheels.org/simple"
reference = "piwheels"

[[package]]
name = "tomli"
version = "2.0.1"
description = "A lil' TOML parser"
category = "dev"
optional = false
python-versions = ">=3.7"

[package.source]
type = "legacy"
url = "https://www.piwheels.org/simple"
reference = "piwheels"

[[package]]
name = "typing-extensions"
version = "4.1.1"
description = "Backported and Experimental Type Hints for Python 3.6+"
category = "dev"
optional = false
python-versions = ">=3.6"

[package.source]
type = "legacy"
url = "https://www.piwheels.org/simple"
reference = "piwheels"

[[package]]
name = "ujson"
version = "5.1.0"
description = "Ultra fast JSON encoder and decoder for Python"
category = "dev"
optional = false
python-versions = ">=3.7"

[package.source]
type = "legacy"
url = "https://www.piwheels.org/simple"
reference = "piwheels"

[[package]]
name = "urllib3"
version = "1.26.9"
description = "HTTP library with thread-safe connection pooling, file post, and more."
category = "main"
optional = false
python-versions = ">=2.7, !=3.0.*, !=3.1.*, !=3.2.*, !=3.3.*, !=3.4.*, <4"

[package.extras]
secure = ["pyOpenSSL (>=0.14)", "cryptography (>=1.3.4)", "idna (>=2.0.0)", "certifi", "ipaddress"]
socks = ["PySocks (>=1.5.6,!=1.5.7,<2.0)"]
brotli = ["brotli (>=1.0.9)", "brotlicffi (>=0.8.0)", "brotlipy (>=0.6.0)"]

[package.source]
type = "legacy"
url = "https://www.piwheels.org/simple"
reference = "piwheels"

[[package]]
name = "wcwidth"
version = "0.2.5"
description = "Measures the displayed width of unicode strings in a terminal"
category = "dev"
optional = false
python-versions = "*"

[package.source]
type = "legacy"
url = "https://www.piwheels.org/simple"
reference = "piwheels"

[[package]]
name = "wrapt"
version = "1.14.0"
description = "Module for decorators, wrappers and monkey patching."
category = "dev"
optional = false
python-versions = "!=3.0.*,!=3.1.*,!=3.2.*,!=3.3.*,!=3.4.*,>=2.7"

[package.source]
type = "legacy"
url = "https://www.piwheels.org/simple"
reference = "piwheels"

[[package]]
name = "yapf"
version = "0.32.0"
description = "A formatter for Python code."
category = "dev"
optional = false
python-versions = "*"

[package.source]
type = "legacy"
url = "https://www.piwheels.org/simple"
reference = "piwheels"

[metadata]
lock-version = "1.1"
python-versions = "^3.9"
content-hash = "77abf20c6043540e17b0955d6fd928635a5d7003b87442d6610572f7de43d7a5"

[metadata.files]
adafruit-blinka = [
    {file = "Adafruit_Blinka-7.2.0-py3-none-any.whl", hash = "sha256:cfad5735c24b1dee23b606bd6345ca094928cbceca26a4f5ccae14ddb83b7719"},
]
adafruit-circuitpython-bme280 = [
    {file = "adafruit_circuitpython_bme280-2.6.10-py3-none-any.whl", hash = "sha256:889b037c98078d65d5e133b146d3431f679fbd0b3dc203aaf3992a74eacfa1c4"},
]
adafruit-circuitpython-bmp280 = [
    {file = "adafruit_circuitpython_bmp280-3.2.11-py3-none-any.whl", hash = "sha256:fea608f4f8c1f6453fbac0ee3791d652b1213a159461b03b56aa0fcf8d8290f6"},
]
adafruit-circuitpython-busdevice = [
    {file = "adafruit_circuitpython_busdevice-5.1.8-py3-none-any.whl", hash = "sha256:66f9174412c3ad537f8058e12363524c6e4277677cde103ce94cf0ea6df72951"},
]
adafruit-circuitpython-dht = [
    {file = "adafruit_circuitpython_dht-3.7.2-py3-none-any.whl", hash = "sha256:3a846715ff41ff9e04c2019b44916401602dea656cd5c5b5483f5b6ee0d673a2"},
]
adafruit-circuitpython-tsl2591 = [
    {file = "adafruit_circuitpython_tsl2591-1.3.2-py3-none-any.whl", hash = "sha256:26666040d41dd4723a81b71c090a3468003f6b0e59a14c40bf51d387d00fe5f0"},
]
adafruit-circuitpython-typing = [
    {file = "adafruit_circuitpython_typing-1.3.1-py3-none-any.whl", hash = "sha256:2152527d64b5dc2dde08cb487f09449b97378cb80a0b181360bd436d83e0a89b"},
]
adafruit-platformdetect = [
    {file = "Adafruit_PlatformDetect-3.22.0-py3-none-any.whl", hash = "sha256:5125d91448dd4ae9e00a617fb15a8c42f5827cc78e8dae2f7ec4e4e96df3be09"},
]
adafruit-pureio = [
    {file = "Adafruit_PureIO-1.1.9-py3-none-any.whl", hash = "sha256:17473ffd6f00af6d4be37579baabc396cfceb682b305272e457f078241b6fd0e"},
]
astroid = [
    {file = "astroid-2.11.2-py3-none-any.whl", hash = "sha256:806911ec92882c590bec4e25ac0db01d23d980585941ab1f188d027956a5d0af"},
]
atomicwrites = [
    {file = "atomicwrites-1.4.0-py2.py3-none-any.whl", hash = "sha256:6d1784dea7c0c8d4a5172b6c620f40b6e4cbfdf96d783691f2e1302a7b88e197"},
]
attrs = [
    {file = "attrs-21.4.0-py2.py3-none-any.whl", hash = "sha256:fe43ed2c8b43d4b1f97b342b2a798b0ece766c86a249ac8bd8ae940f9e62f4ab"},
]
autopep8 = [
    {file = "autopep8-1.6.0-py2.py3-none-any.whl", hash = "sha256:51288377de5d82707275dcc44f9ae5408190ee152b20b7a9c4dccae8bfa1fa0a"},
]
certifi = [
    {file = "certifi-2021.10.8-py2.py3-none-any.whl", hash = "sha256:eaf5fd6a051cba81570919009491fc35069c99da0dd8d57304930ee7a5699fb0"},
]
ciso8601 = [
    {file = "ciso8601-2.2.0-cp35-cp35m-linux_armv6l.whl", hash = "sha256:51b63d4c878437413b0c6908803b81762ed06dc70f7fac84c026c5d79d5bc16f"},
    {file = "ciso8601-2.2.0-cp35-cp35m-linux_armv7l.whl", hash = "sha256:51b63d4c878437413b0c6908803b81762ed06dc70f7fac84c026c5d79d5bc16f"},
    {file = "ciso8601-2.2.0-cp37-cp37m-linux_armv6l.whl", hash = "sha256:31685024b41dcb3c705555077bb84ff49ea0e1afd7e2bab268b08307c8bf5764"},
    {file = "ciso8601-2.2.0-cp37-cp37m-linux_armv7l.whl", hash = "sha256:31685024b41dcb3c705555077bb84ff49ea0e1afd7e2bab268b08307c8bf5764"},
    {file = "ciso8601-2.2.0-cp39-cp39-linux_armv6l.whl", hash = "sha256:e8de1ffc27de13049f418eb563b0b5d962cbbba9f15cf6eca983c44566e56899"},
    {file = "ciso8601-2.2.0-cp39-cp39-linux_armv7l.whl", hash = "sha256:e8de1ffc27de13049f418eb563b0b5d962cbbba9f15cf6eca983c44566e56899"},
]
colorama = [
    {file = "colorama-0.4.4-py2.py3-none-any.whl", hash = "sha256:9f47eda37229f68eee03b24b9748937c7dc3868f906e8ba69fbcbdd3bc5dc3e2"},
]
dill = [
    {file = "dill-0.3.4-py2.py3-none-any.whl", hash = "sha256:7e40e4a70304fd9ceab3535d36e58791d9c4a776b38ec7f7ec9afc8d3dca4d4f"},
]
edn-format = [
    {file = "edn_format-0.7.5-py3-none-any.whl", hash = "sha256:3752c6bd50d39c60f767da9fde7619133a8b3f9217dcdcbd52b9e2e1b7bbb045"},
]
flake8 = [
    {file = "flake8-4.0.1-py2.py3-none-any.whl", hash = "sha256:f1d1114153fb100a4819a94f19b7325be9705e7d3cb90ab921b6d63b343e9612"},
]
influxdb-client = [
    {file = "influxdb_client-1.27.0-py3-none-any.whl", hash = "sha256:cf581c4d537f8dde7254f3fa214b902eb767b74fa2c66b7e1319c84f112168cd"},
]
isort = [
    {file = "isort-5.10.1-py3-none-any.whl", hash = "sha256:eea14d9ea804d971049b4a1f35d1fde5a1988a3d6adc52a01f84f6ed4afca079"},
]
jedi = [
    {file = "jedi-0.18.1-py2.py3-none-any.whl", hash = "sha256:4b9a6d28f95200b76f11c19db57b3eafeff648d81c0d3d32007ff889b922bad8"},
]
lazy-object-proxy = [
    {file = "lazy_object_proxy-1.7.1-cp37-cp37m-linux_armv6l.whl", hash = "sha256:5f229a46fa65c91c91a604ab9e20933e53551d5976a5627cc5c47108d244dbf1"},
    {file = "lazy_object_proxy-1.7.1-cp37-cp37m-linux_armv7l.whl", hash = "sha256:5f229a46fa65c91c91a604ab9e20933e53551d5976a5627cc5c47108d244dbf1"},
    {file = "lazy_object_proxy-1.7.1-cp39-cp39-linux_armv6l.whl", hash = "sha256:70ac8c12c48873f932afe4413a69e6cbcb7723a092e80b1f73864cf09e1abf36"},
    {file = "lazy_object_proxy-1.7.1-cp39-cp39-linux_armv7l.whl", hash = "sha256:70ac8c12c48873f932afe4413a69e6cbcb7723a092e80b1f73864cf09e1abf36"},
]
mccabe = [
    {file = "mccabe-0.6.1-py2.py3-none-any.whl", hash = "sha256:ab8a6258860da4b6677da4bd2fe5dc2c659cff31b3ee4f7f5d64e79735b80d42"},
]
more-itertools = [
    {file = "more_itertools-8.12.0-py3-none-any.whl", hash = "sha256:b43ba69c9ce84ac81c87698802232c8491ec050a8430b8ce57a654ab05f94be4"},
]
numpy = [
    {file = "numpy-1.22.3-cp39-cp39-linux_armv6l.whl", hash = "sha256:82df998306893fcabebce6f0a86a87b10b0486de08dde77423ef81b37da0b3ba"},
    {file = "numpy-1.22.3-cp39-cp39-linux_armv7l.whl", hash = "sha256:82df998306893fcabebce6f0a86a87b10b0486de08dde77423ef81b37da0b3ba"},
]
opencv-python-headless = [
    {file = "opencv_python_headless-4.5.5.62-cp37-cp37m-linux_armv6l.whl", hash = "sha256:122d1e1e7e293eba68e33cde8ffeaef45b4a044021cdd2c73d8b508e57b89cf1"},
    {file = "opencv_python_headless-4.5.5.62-cp37-cp37m-linux_armv7l.whl", hash = "sha256:122d1e1e7e293eba68e33cde8ffeaef45b4a044021cdd2c73d8b508e57b89cf1"},
    {file = "opencv_python_headless-4.5.5.62-cp39-cp39-linux_armv6l.whl", hash = "sha256:bebbaf2c46221a99ad21a6f72b888755c6393dd6fc4fb1342e015bb9aee39667"},
    {file = "opencv_python_headless-4.5.5.62-cp39-cp39-linux_armv7l.whl", hash = "sha256:bebbaf2c46221a99ad21a6f72b888755c6393dd6fc4fb1342e015bb9aee39667"},
]
packaging = [
    {file = "packaging-21.3-py3-none-any.whl", hash = "sha256:36bb3108f8e33f88e52e7985b4068e2585b67e5b7b3a0fa2817f9852bc39d2ef"},
]
pandas = [
    {file = "pandas-1.4.1-cp39-cp39-linux_armv6l.whl", hash = "sha256:6f44f63c91881ba1189e668c348e506f36be605fdb2ee328ce0f44259b4057f3"},
    {file = "pandas-1.4.1-cp39-cp39-linux_armv7l.whl", hash = "sha256:6f44f63c91881ba1189e668c348e506f36be605fdb2ee328ce0f44259b4057f3"},
]
parso = [
    {file = "parso-0.8.3-py2.py3-none-any.whl", hash = "sha256:9c0ab364bdef44019b358a7263f2cad8f68a7df1ac075b54bcde2eee36e38a50"},
]
picamera = [
    {file = "picamera-1.13-py3-none-any.whl", hash = "sha256:122e792bb944973cdf2e810a8cbfc405d5c154083943ef75a5cc9f57ee4058f5"},
]
platformdirs = [
    {file = "platformdirs-2.5.1-py3-none-any.whl", hash = "sha256:1cbcd0d3febfbf69fceaedaa02bf485f6ed773573cf90423e6df11a694f44e1e"},
]
pluggy = [
    {file = "pluggy-0.13.1-py2.py3-none-any.whl", hash = "sha256:966c145cd83c96502c3c3868f50408687b38434af77734af1e9ca461a4081d2d"},
]
ply = [
    {file = "ply-3.11-py2.py3-none-any.whl", hash = "sha256:096f9b8350b65ebd2fd1346b12452efe5b9607f7482813ffca50c22722a807ce"},
]
py = [
    {file = "py-1.11.0-py2.py3-none-any.whl", hash = "sha256:ec07ead4a92be3fe6be916f57ee869b9b4cb7ec17a0add2a5366cc7efa0521c8"},
]
pycodestyle = [
    {file = "pycodestyle-2.8.0-py2.py3-none-any.whl", hash = "sha256:9bb211a46105ee6e2345cea7a357be836b6fdc2fe7073afce4e61365efd840dd"},
]
pydocstyle = [
    {file = "pydocstyle-6.1.1-py3-none-any.whl", hash = "sha256:6987826d6775056839940041beef5c08cc7e3d71d63149b48e36727f70144dc4"},
]
pyflakes = [
    {file = "pyflakes-2.4.0-py2.py3-none-any.whl", hash = "sha256:3cec49c0bdd514925b3b99d111a566ad7e265ddb89b9fd5e2703983cdc0419eb"},
]
pyftdi = [
    {file = "pyftdi-0.54.0-py3-none-any.whl", hash = "sha256:f5060dd8df3cbf30c47237ad89db61680c70385aff52c00bc90826107430f330"},
]
pylint = [
    {file = "pylint-2.13.4-py3-none-any.whl", hash = "sha256:a92acd0d28f7f546cb6401d0653dbfe5e1ed9980458d11c44c4381dc8e65a0d9"},
]
pyparsing = [
    {file = "pyparsing-3.0.7-py3-none-any.whl", hash = "sha256:9cac03df81a32c5a08393d4aaed42318304684e9abc1336deff3a84feb2e1260"},
]
pyrfc3339 = [
    {file = "pyRFC3339-1.1-py2.py3-none-any.whl", hash = "sha256:67196cb83b470709c580bb4738b83165e67c6cc60e1f2e4f286cfcb402a926f4"},
]
pyserial = [
    {file = "pyserial-3.5-py2.py3-none-any.whl", hash = "sha256:c4451db6ba391ca6ca299fb3ec7bae67a5c55dde170964c7a14ceefec02f2cf0"},
]
pytest = [
    {file = "pytest-5.4.3-py3-none-any.whl", hash = "sha256:57dbc379a99528a92fd9437d85a06795614b15596fa4512c2e8e5b994dc91d1c"},
]
python-dateutil = [
    {file = "python_dateutil-2.8.2-py2.py3-none-any.whl", hash = "sha256:961d03dc3453ebbc59dbdea9e4e11c5651520a876d0f4db161e8674aae935da9"},
]
python-lsp-jsonrpc = [
    {file = "python_lsp_jsonrpc-1.0.0-py3-none-any.whl", hash = "sha256:079b143be64b0a378bdb21dff5e28a8c1393fe7e8a654ef068322d754e545fc7"},
]
python-lsp-server = [
    {file = "python_lsp_server-1.3.3-py3-none-any.whl", hash = "sha256:2067092ea6898ab272cdaab43e5d1f3a42482b9447a4eee7b570591af1f85a42"},
]
pytz = [
    {file = "pytz-2022.1-py3-none-any.whl", hash = "sha256:d7c0502dc1bc5e1a1a447a7527f99ddf7a302c0f83367ed442b6b3c38c38286d"},
]
pyusb = [
    {file = "pyusb-1.2.1-py3-none-any.whl", hash = "sha256:2b4c7cb86dbadf044dfb9d3a4ff69fd217013dbe78a792177a3feb172449ea36"},
]
rope = [
    {file = "rope-0.23.0-py3-none-any.whl", hash = "sha256:94ae2d29c83b38a5538c44123486d6a891ee695aa4bfc3fc2f62165db03e9826"},
]
rpi-ws281x = [
    {file = "rpi_ws281x-4.3.3-cp35-cp35m-linux_armv6l.whl", hash = "sha256:18176f540fbeaa4abd0f70b84c3858fe21b9c5b5c4e2b194a7c4befcc05852ab"},
    {file = "rpi_ws281x-4.3.3-cp35-cp35m-linux_armv7l.whl", hash = "sha256:18176f540fbeaa4abd0f70b84c3858fe21b9c5b5c4e2b194a7c4befcc05852ab"},
    {file = "rpi_ws281x-4.3.3-cp37-cp37m-linux_armv6l.whl", hash = "sha256:8193709fca4341512c869a53b4a446c1ce7171db11c4b5de92b0f20f58c4dc83"},
    {file = "rpi_ws281x-4.3.3-cp37-cp37m-linux_armv7l.whl", hash = "sha256:8193709fca4341512c869a53b4a446c1ce7171db11c4b5de92b0f20f58c4dc83"},
    {file = "rpi_ws281x-4.3.3-cp39-cp39-linux_armv6l.whl", hash = "sha256:727f514a87662c5f50f51cf2c05c1546fa4c95c400c528d5bc9a862b1fb745bd"},
    {file = "rpi_ws281x-4.3.3-cp39-cp39-linux_armv7l.whl", hash = "sha256:727f514a87662c5f50f51cf2c05c1546fa4c95c400c528d5bc9a862b1fb745bd"},
]
"rpi.gpio" = [
    {file = "RPi.GPIO-0.7.1-cp35-cp35m-linux_armv6l.whl", hash = "sha256:5073d1972727cfad38a1a42f02da91dc41f137679290aa804ab6c410168347ac"},
    {file = "RPi.GPIO-0.7.1-cp35-cp35m-linux_armv7l.whl", hash = "sha256:5073d1972727cfad38a1a42f02da91dc41f137679290aa804ab6c410168347ac"},
    {file = "RPi.GPIO-0.7.1-cp37-cp37m-linux_armv6l.whl", hash = "sha256:e5dfec2c4ccb7dbe9eef3dfc76a3b04121fc62d77fd8fbe1a8e841468a1b0c4c"},
    {file = "RPi.GPIO-0.7.1-cp37-cp37m-linux_armv7l.whl", hash = "sha256:e5dfec2c4ccb7dbe9eef3dfc76a3b04121fc62d77fd8fbe1a8e841468a1b0c4c"},
    {file = "RPi.GPIO-0.7.1-cp39-cp39-linux_armv6l.whl", hash = "sha256:231f6142c25975a7e39b96faf4905f05f97dba6809e8c5f0d58f284b35b4b821"},
    {file = "RPi.GPIO-0.7.1-cp39-cp39-linux_armv7l.whl", hash = "sha256:231f6142c25975a7e39b96faf4905f05f97dba6809e8c5f0d58f284b35b4b821"},
]
rx = [
    {file = "Rx-3.2.0-py3-none-any.whl", hash = "sha256:922c5f4edb3aa1beaa47bf61d65d5380011ff6adcd527f26377d05cb73ed8ec8"},
]
six = [
    {file = "six-1.16.0-py2.py3-none-any.whl", hash = "sha256:8abb2f1d86890a2dfb989f9a77cfcfd3e47c2a354b01111771326f8aa26e0254"},
]
snowballstemmer = [
    {file = "snowballstemmer-2.2.0-py2.py3-none-any.whl", hash = "sha256:53823aa64ad78444911007d0f56ee775f1b8c1e34c32bdba744d8be02ce7bbf3"},
]
sysv-ipc = [
    {file = "sysv_ipc-1.1.0-cp37-cp37m-linux_armv6l.whl", hash = "sha256:3cc523ce39338200c0ad7735c48267a26735690977b4eb4879bd8e10b4e7a82d"},
    {file = "sysv_ipc-1.1.0-cp37-cp37m-linux_armv7l.whl", hash = "sha256:3cc523ce39338200c0ad7735c48267a26735690977b4eb4879bd8e10b4e7a82d"},
    {file = "sysv_ipc-1.1.0-cp39-cp39-linux_armv6l.whl", hash = "sha256:0ef1f4360d0c4e353f63d43743911c060881ebf920c95ec8adfa4fcbf58955da"},
    {file = "sysv_ipc-1.1.0-cp39-cp39-linux_armv7l.whl", hash = "sha256:0ef1f4360d0c4e353f63d43743911c060881ebf920c95ec8adfa4fcbf58955da"},
]
toml = [
    {file = "toml-0.10.2-py2.py3-none-any.whl", hash = "sha256:806143ae5bfb6a3c6e736a764057db0e6a0e05e338b5630894a5f779cabb4f9b"},
]
tomli = [
    {file = "tomli-2.0.1-py3-none-any.whl", hash = "sha256:939de3e7a6161af0c887ef91b7d41a53e7c5a1ca976325f429cb46ea9bc30ecc"},
]
typing-extensions = [
    {file = "typing_extensions-4.1.1-py3-none-any.whl", hash = "sha256:31b902ea3c3297255b2ce9b5d9335e6555068dd767d3c514f263c43d9411fcab"},
]
ujson = [
    {file = "ujson-5.1.0-cp37-cp37m-linux_armv6l.whl", hash = "sha256:da167a74fc54ec313c4a6bf3dc583db98d228b005e5db003983f9abe947883e4"},
    {file = "ujson-5.1.0-cp37-cp37m-linux_armv7l.whl", hash = "sha256:da167a74fc54ec313c4a6bf3dc583db98d228b005e5db003983f9abe947883e4"},
    {file = "ujson-5.1.0-cp39-cp39-linux_armv6l.whl", hash = "sha256:c168f4d332199f42245b8105b8cada683fd21c9cab9fecd3fdab031ebf84a273"},
    {file = "ujson-5.1.0-cp39-cp39-linux_armv7l.whl", hash = "sha256:c168f4d332199f42245b8105b8cada683fd21c9cab9fecd3fdab031ebf84a273"},
]
urllib3 = [
    {file = "urllib3-1.26.9-py2.py3-none-any.whl", hash = "sha256:8d20a39e9b43639fe667928235fc341f7873ab563be57c7666e7174bf26224f6"},
]
wcwidth = [
    {file = "wcwidth-0.2.5-py2.py3-none-any.whl", hash = "sha256:beb4802a9cebb9144e99086eff703a642a13d6a0052920003a230f3294bbe784"},
]
wrapt = [
    {file = "wrapt-1.14.0-cp35-cp35m-linux_armv6l.whl", hash = "sha256:7e8d7bee5e746db0170c35dec0c716fe4e36e71d5b82b2313c3d7130cabaa140"},
    {file = "wrapt-1.14.0-cp35-cp35m-linux_armv7l.whl", hash = "sha256:7e8d7bee5e746db0170c35dec0c716fe4e36e71d5b82b2313c3d7130cabaa140"},
    {file = "wrapt-1.14.0-cp37-cp37m-linux_armv6l.whl", hash = "sha256:c1235db51d8a5d7fa3fcbee916c52da2507bc7f85485bf0fa7db68ebe14eb333"},
    {file = "wrapt-1.14.0-cp37-cp37m-linux_armv7l.whl", hash = "sha256:c1235db51d8a5d7fa3fcbee916c52da2507bc7f85485bf0fa7db68ebe14eb333"},
    {file = "wrapt-1.14.0-cp39-cp39-linux_armv6l.whl", hash = "sha256:9d2886c22f4649f59d222e1958613a18dcc4e5b4cf8d783e0195eefbac365dd4"},
    {file = "wrapt-1.14.0-cp39-cp39-linux_armv7l.whl", hash = "sha256:9d2886c22f4649f59d222e1958613a18dcc4e5b4cf8d783e0195eefbac365dd4"},
]
yapf = [
    {file = "yapf-0.32.0-py2.py3-none-any.whl", hash = "sha256:5efc4e0ebda54729c1afd5bfed6705700f65d1aaba365a38ea1385283cc48b7a"},
]
